
Microsoft Visual Studio Solution File, Format Version 12.00
# Visual Studio Version 17
VisualStudioVersion = 17.1.32319.34
MinimumVisualStudioVersion = 10.0.40219.1
Project("{FAE04EC0-301F-11D3-BF4B-00C04F79EFBC}") = "ExamenCl2", "ExamenCl2\ExamenCl2.csproj", "{F2388042-D59D-4AFB-9135-0858AF8CC205}"
EndProject
Global
	GlobalSection(SolutionConfigurationPlatforms) = preSolution
		Debug|Any CPU = Debug|Any CPU
		Release|Any CPU = Release|Any CPU
	EndGlobalSection
	GlobalSection(ProjectConfigurationPlatforms) = postSolution
		{F2388042-D59D-4AFB-9135-0858AF8CC205}.Debug|Any CPU.ActiveCfg = Debug|Any CPU
		{F2388042-D59D-4AFB-9135-0858AF8CC205}.Debug|Any CPU.Build.0 = Debug|Any CPU
		{F2388042-D59D-4AFB-9135-0858AF8CC205}.Release|Any CPU.ActiveCfg = Release|Any CPU
		{F2388042-D59D-4AFB-9135-0858AF8CC205}.Release|Any CPU.Build.0 = Release|Any CPU
	EndGlobalSection
	GlobalSection(SolutionProperties) = preSolution
		HideSolutionNode = FALSE
	EndGlobalSection
	GlobalSection(ExtensibilityGlobals) = postSolution
		SolutionGuid = {B0425FE5-A142-4AE0-B6B2-8691678FFB9B}
	EndGlobalSection
EndGlobal
